
Microsoft Visual Studio Solution File, Format Version 12.00
# Visual Studio 15
VisualStudioVersion = 15.0.27004.2008
MinimumVisualStudioVersion = 10.0.40219.1
Project("{FAE04EC0-301F-11D3-BF4B-00C04F79EFBC}") = "Task1", "Task1\Task1.csproj", "{DA494FD4-3AB9-4EAB-BF28-2F58BC7A6E4B}"
EndProject
Project("{FAE04EC0-301F-11D3-BF4B-00C04F79EFBC}") = "Task2", "Task2\Task2.csproj", "{16553824-8069-4991-8D34-CE0F05B4ACA4}"
EndProject
Project("{FAE04EC0-301F-11D3-BF4B-00C04F79EFBC}") = "SyntaxAnalizer", "SyntaxAnalizer\SyntaxAnalizer.csproj", "{3B93C2D2-145D-4848-98AC-352EFC4A62F3}"
EndProject
Global
	GlobalSection(SolutionConfigurationPlatforms) = preSolution
		Debug|Any CPU = Debug|Any CPU
		Release|Any CPU = Release|Any CPU
	EndGlobalSection
	GlobalSection(ProjectConfigurationPlatforms) = postSolution
		{DA494FD4-3AB9-4EAB-BF28-2F58BC7A6E4B}.Debug|Any CPU.ActiveCfg = Debug|Any CPU
		{DA494FD4-3AB9-4EAB-BF28-2F58BC7A6E4B}.Debug|Any CPU.Build.0 = Debug|Any CPU
		{DA494FD4-3AB9-4EAB-BF28-2F58BC7A6E4B}.Release|Any CPU.ActiveCfg = Release|Any CPU
		{DA494FD4-3AB9-4EAB-BF28-2F58BC7A6E4B}.Release|Any CPU.Build.0 = Release|Any CPU
		{16553824-8069-4991-8D34-CE0F05B4ACA4}.Debug|Any CPU.ActiveCfg = Debug|Any CPU
		{16553824-8069-4991-8D34-CE0F05B4ACA4}.Debug|Any CPU.Build.0 = Debug|Any CPU
		{16553824-8069-4991-8D34-CE0F05B4ACA4}.Release|Any CPU.ActiveCfg = Release|Any CPU
		{16553824-8069-4991-8D34-CE0F05B4ACA4}.Release|Any CPU.Build.0 = Release|Any CPU
		{3B93C2D2-145D-4848-98AC-352EFC4A62F3}.Debug|Any CPU.ActiveCfg = Debug|Any CPU
		{3B93C2D2-145D-4848-98AC-352EFC4A62F3}.Debug|Any CPU.Build.0 = Debug|Any CPU
		{3B93C2D2-145D-4848-98AC-352EFC4A62F3}.Release|Any CPU.ActiveCfg = Release|Any CPU
		{3B93C2D2-145D-4848-98AC-352EFC4A62F3}.Release|Any CPU.Build.0 = Release|Any CPU
	EndGlobalSection
	GlobalSection(SolutionProperties) = preSolution
		HideSolutionNode = FALSE
	EndGlobalSection
	GlobalSection(ExtensibilityGlobals) = postSolution
		SolutionGuid = {F47AB158-5E28-4164-9707-D1B68B842F14}
	EndGlobalSection
EndGlobal
