
Microsoft Visual Studio Solution File, Format Version 12.00
# Visual Studio 15
VisualStudioVersion = 15.0.27004.2008
MinimumVisualStudioVersion = 10.0.40219.1
Project("{FAE04EC0-301F-11D3-BF4B-00C04F79EFBC}") = "LR6", "LR6\LR6.csproj", "{F43D49D6-17C3-44A0-80CC-4CC9E271F561}"
EndProject
Project("{FAE04EC0-301F-11D3-BF4B-00C04F79EFBC}") = "Task4", "Task4\Task4.csproj", "{F3375041-D90B-4EA0-9292-3459CA22FD5C}"
EndProject
Global
	GlobalSection(SolutionConfigurationPlatforms) = preSolution
		Debug|Any CPU = Debug|Any CPU
		Release|Any CPU = Release|Any CPU
	EndGlobalSection
	GlobalSection(ProjectConfigurationPlatforms) = postSolution
		{F43D49D6-17C3-44A0-80CC-4CC9E271F561}.Debug|Any CPU.ActiveCfg = Debug|Any CPU
		{F43D49D6-17C3-44A0-80CC-4CC9E271F561}.Debug|Any CPU.Build.0 = Debug|Any CPU
		{F43D49D6-17C3-44A0-80CC-4CC9E271F561}.Release|Any CPU.ActiveCfg = Release|Any CPU
		{F43D49D6-17C3-44A0-80CC-4CC9E271F561}.Release|Any CPU.Build.0 = Release|Any CPU
		{F3375041-D90B-4EA0-9292-3459CA22FD5C}.Debug|Any CPU.ActiveCfg = Debug|Any CPU
		{F3375041-D90B-4EA0-9292-3459CA22FD5C}.Debug|Any CPU.Build.0 = Debug|Any CPU
		{F3375041-D90B-4EA0-9292-3459CA22FD5C}.Release|Any CPU.ActiveCfg = Release|Any CPU
		{F3375041-D90B-4EA0-9292-3459CA22FD5C}.Release|Any CPU.Build.0 = Release|Any CPU
	EndGlobalSection
	GlobalSection(SolutionProperties) = preSolution
		HideSolutionNode = FALSE
	EndGlobalSection
	GlobalSection(ExtensibilityGlobals) = postSolution
		SolutionGuid = {9F438CA7-D962-4C41-8444-24083E469517}
	EndGlobalSection
EndGlobal
