
Microsoft Visual Studio Solution File, Format Version 12.00
# Visual Studio 15
VisualStudioVersion = 15.0.27004.2008
MinimumVisualStudioVersion = 10.0.40219.1
Project("{FAE04EC0-301F-11D3-BF4B-00C04F79EFBC}") = "FunctionValueCaculator", "FunctionValueCaculator\FunctionValueCaculator.csproj", "{882DB2E8-BED2-4295-B387-41834621EFCD}"
EndProject
Project("{FAE04EC0-301F-11D3-BF4B-00C04F79EFBC}") = "AreaCalculator", "AreaCalculator\AreaCalculator.csproj", "{52F06B98-069C-4B51-870B-0BC2246689BC}"
EndProject
Project("{FAE04EC0-301F-11D3-BF4B-00C04F79EFBC}") = "ArrayHandling", "ArrayHandling\ArrayHandling.csproj", "{0AC3F647-DD54-43D5-97A3-9EBAD3E3E2A9}"
EndProject
Project("{FAE04EC0-301F-11D3-BF4B-00C04F79EFBC}") = "MatrixProcessing", "MatrixProcessing\MatrixProcessing.csproj", "{D2923E70-842F-43A9-A40E-FE81B2ADFE97}"
EndProject
Global
	GlobalSection(SolutionConfigurationPlatforms) = preSolution
		Debug|Any CPU = Debug|Any CPU
		Release|Any CPU = Release|Any CPU
	EndGlobalSection
	GlobalSection(ProjectConfigurationPlatforms) = postSolution
		{882DB2E8-BED2-4295-B387-41834621EFCD}.Debug|Any CPU.ActiveCfg = Debug|Any CPU
		{882DB2E8-BED2-4295-B387-41834621EFCD}.Debug|Any CPU.Build.0 = Debug|Any CPU
		{882DB2E8-BED2-4295-B387-41834621EFCD}.Release|Any CPU.ActiveCfg = Release|Any CPU
		{882DB2E8-BED2-4295-B387-41834621EFCD}.Release|Any CPU.Build.0 = Release|Any CPU
		{52F06B98-069C-4B51-870B-0BC2246689BC}.Debug|Any CPU.ActiveCfg = Debug|Any CPU
		{52F06B98-069C-4B51-870B-0BC2246689BC}.Debug|Any CPU.Build.0 = Debug|Any CPU
		{52F06B98-069C-4B51-870B-0BC2246689BC}.Release|Any CPU.ActiveCfg = Release|Any CPU
		{52F06B98-069C-4B51-870B-0BC2246689BC}.Release|Any CPU.Build.0 = Release|Any CPU
		{0AC3F647-DD54-43D5-97A3-9EBAD3E3E2A9}.Debug|Any CPU.ActiveCfg = Debug|Any CPU
		{0AC3F647-DD54-43D5-97A3-9EBAD3E3E2A9}.Debug|Any CPU.Build.0 = Debug|Any CPU
		{0AC3F647-DD54-43D5-97A3-9EBAD3E3E2A9}.Release|Any CPU.ActiveCfg = Release|Any CPU
		{0AC3F647-DD54-43D5-97A3-9EBAD3E3E2A9}.Release|Any CPU.Build.0 = Release|Any CPU
		{D2923E70-842F-43A9-A40E-FE81B2ADFE97}.Debug|Any CPU.ActiveCfg = Debug|Any CPU
		{D2923E70-842F-43A9-A40E-FE81B2ADFE97}.Debug|Any CPU.Build.0 = Debug|Any CPU
		{D2923E70-842F-43A9-A40E-FE81B2ADFE97}.Release|Any CPU.ActiveCfg = Release|Any CPU
		{D2923E70-842F-43A9-A40E-FE81B2ADFE97}.Release|Any CPU.Build.0 = Release|Any CPU
	EndGlobalSection
	GlobalSection(SolutionProperties) = preSolution
		HideSolutionNode = FALSE
	EndGlobalSection
	GlobalSection(ExtensibilityGlobals) = postSolution
		SolutionGuid = {7C551493-0DEC-44D2-8884-EE03C37392A7}
	EndGlobalSection
EndGlobal
