
Microsoft Visual Studio Solution File, Format Version 12.00
# Visual Studio 15
VisualStudioVersion = 15.0.27004.2008
MinimumVisualStudioVersion = 10.0.40219.1
Project("{FAE04EC0-301F-11D3-BF4B-00C04F79EFBC}") = "Task1", "Task1\Task1.csproj", "{BCD09670-3B5D-4197-BE81-A5DC6FBDCF6F}"
EndProject
Project("{FAE04EC0-301F-11D3-BF4B-00C04F79EFBC}") = "Task2", "Task2\Task2.csproj", "{552AFF24-1BD9-4276-8F41-4AA52E690405}"
EndProject
Project("{FAE04EC0-301F-11D3-BF4B-00C04F79EFBC}") = "Task3AndTask4", "Task3\Task3AndTask4.csproj", "{A6B40D9D-A976-4C38-8172-1D7134C430A8}"
EndProject
Global
	GlobalSection(SolutionConfigurationPlatforms) = preSolution
		Debug|Any CPU = Debug|Any CPU
		Release|Any CPU = Release|Any CPU
	EndGlobalSection
	GlobalSection(ProjectConfigurationPlatforms) = postSolution
		{BCD09670-3B5D-4197-BE81-A5DC6FBDCF6F}.Debug|Any CPU.ActiveCfg = Debug|Any CPU
		{BCD09670-3B5D-4197-BE81-A5DC6FBDCF6F}.Debug|Any CPU.Build.0 = Debug|Any CPU
		{BCD09670-3B5D-4197-BE81-A5DC6FBDCF6F}.Release|Any CPU.ActiveCfg = Release|Any CPU
		{BCD09670-3B5D-4197-BE81-A5DC6FBDCF6F}.Release|Any CPU.Build.0 = Release|Any CPU
		{552AFF24-1BD9-4276-8F41-4AA52E690405}.Debug|Any CPU.ActiveCfg = Debug|Any CPU
		{552AFF24-1BD9-4276-8F41-4AA52E690405}.Debug|Any CPU.Build.0 = Debug|Any CPU
		{552AFF24-1BD9-4276-8F41-4AA52E690405}.Release|Any CPU.ActiveCfg = Release|Any CPU
		{552AFF24-1BD9-4276-8F41-4AA52E690405}.Release|Any CPU.Build.0 = Release|Any CPU
		{A6B40D9D-A976-4C38-8172-1D7134C430A8}.Debug|Any CPU.ActiveCfg = Debug|Any CPU
		{A6B40D9D-A976-4C38-8172-1D7134C430A8}.Debug|Any CPU.Build.0 = Debug|Any CPU
		{A6B40D9D-A976-4C38-8172-1D7134C430A8}.Release|Any CPU.ActiveCfg = Release|Any CPU
		{A6B40D9D-A976-4C38-8172-1D7134C430A8}.Release|Any CPU.Build.0 = Release|Any CPU
	EndGlobalSection
	GlobalSection(SolutionProperties) = preSolution
		HideSolutionNode = FALSE
	EndGlobalSection
	GlobalSection(ExtensibilityGlobals) = postSolution
		SolutionGuid = {C3C7D729-65B9-4536-BF4B-3B3EEDEEB5A2}
	EndGlobalSection
EndGlobal
